
Microsoft Visual Studio Solution File, Format Version 12.00
# Visual Studio Version 17
VisualStudioVersion = 17.0.31903.59
MinimumVisualStudioVersion = 10.0.40219.1
Project("{FAE04EC0-301F-11D3-BF4B-00C04F79EFBC}") = "InterviewPrep.Domain", "src\InterviewPrep.Domain\InterviewPrep.Domain.csproj", "{A15AD89E-1001-4BF8-A1B3-48E80A10F001}"
EndProject
Project("{FAE04EC0-301F-11D3-BF4B-00C04F79EFBC}") = "InterviewPrep.Application", "src\InterviewPrep.Application\InterviewPrep.Application.csproj", "{A15AD89E-1002-4BF8-A1B3-48E80A10F002}"
EndProject
Project("{FAE04EC0-301F-11D3-BF4B-00C04F79EFBC}") = "InterviewPrep.Infrastructure", "src\InterviewPrep.Infrastructure\InterviewPrep.Infrastructure.csproj", "{A15AD89E-1003-4BF8-A1B3-48E80A10F003}"
EndProject
Project("{FAE04EC0-301F-11D3-BF4B-00C04F79EFBC}") = "InterviewPrep.Api", "src\InterviewPrep.Api\InterviewPrep.Api.csproj", "{A15AD89E-1004-4BF8-A1B3-48E80A10F004}"
EndProject
Global
	GlobalSection(SolutionConfigurationPlatforms) = preSolution
		Debug|Any CPU = Debug|Any CPU
		Release|Any CPU = Release|Any CPU
	EndGlobalSection
	GlobalSection(ProjectConfigurationPlatforms) = postSolution
		{A15AD89E-1001-4BF8-A1B3-48E80A10F001}.Debug|Any CPU.ActiveCfg = Debug|Any CPU
		{A15AD89E-1001-4BF8-A1B3-48E80A10F001}.Debug|Any CPU.Build.0 = Debug|Any CPU
		{A15AD89E-1001-4BF8-A1B3-48E80A10F001}.Release|Any CPU.ActiveCfg = Release|Any CPU
		{A15AD89E-1001-4BF8-A1B3-48E80A10F001}.Release|Any CPU.Build.0 = Release|Any CPU
		{A15AD89E-1002-4BF8-A1B3-48E80A10F002}.Debug|Any CPU.ActiveCfg = Debug|Any CPU
		{A15AD89E-1002-4BF8-A1B3-48E80A10F002}.Debug|Any CPU.Build.0 = Debug|Any CPU
		{A15AD89E-1002-4BF8-A1B3-48E80A10F002}.Release|Any CPU.ActiveCfg = Release|Any CPU
		{A15AD89E-1002-4BF8-A1B3-48E80A10F002}.Release|Any CPU.Build.0 = Release|Any CPU
		{A15AD89E-1003-4BF8-A1B3-48E80A10F003}.Debug|Any CPU.ActiveCfg = Debug|Any CPU
		{A15AD89E-1003-4BF8-A1B3-48E80A10F003}.Debug|Any CPU.Build.0 = Debug|Any CPU
		{A15AD89E-1003-4BF8-A1B3-48E80A10F003}.Release|Any CPU.ActiveCfg = Release|Any CPU
		{A15AD89E-1003-4BF8-A1B3-48E80A10F003}.Release|Any CPU.Build.0 = Release|Any CPU
		{A15AD89E-1004-4BF8-A1B3-48E80A10F004}.Debug|Any CPU.ActiveCfg = Debug|Any CPU
		{A15AD89E-1004-4BF8-A1B3-48E80A10F004}.Debug|Any CPU.Build.0 = Debug|Any CPU
		{A15AD89E-1004-4BF8-A1B3-48E80A10F004}.Release|Any CPU.ActiveCfg = Release|Any CPU
		{A15AD89E-1004-4BF8-A1B3-48E80A10F004}.Release|Any CPU.Build.0 = Release|Any CPU
	EndGlobalSection
EndGlobal
